<?xml version="1.0" encoding="UTF-8"?>
<!DOCTYPE plist PUBLIC "-//Apple//DTD PLIST 1.0//EN" "http://www.apple.com/DTDs/PropertyList-1.0.dtd">
<plist version="1.0">
<dict>
	<key>archiveVersion</key>
	<string>1</string>
	<key>classes</key>
	<dict/>
	<key>objectVersion</key>
	<string>46</string>
	<key>objects</key>
	<dict>
		<key>206D157F8D00410C9D7BBAC9</key>
		<dict>
			<key>includeInIndex</key>
			<string>1</string>
			<key>isa</key>
			<string>PBXFileReference</string>
			<key>lastKnownFileType</key>
			<string>text.xcconfig</string>
			<key>name</key>
			<string>Pods.xcconfig</string>
			<key>path</key>
			<string>Pods/Pods.xcconfig</string>
			<key>sourceTree</key>
			<string>SOURCE_ROOT</string>
		</dict>
		<key>23858D618BBF4AD0AC8049A0</key>
		<dict>
			<key>explicitFileType</key>
			<string>archive.ar</string>
			<key>includeInIndex</key>
			<string>0</string>
			<key>isa</key>
			<string>PBXFileReference</string>
			<key>name</key>
			<string>libPods.a</string>
			<key>path</key>
			<string>libPods.a</string>
			<key>sourceTree</key>
			<string>BUILT_PRODUCTS_DIR</string>
		</dict>
		<key>3E412F0615ABEDE2007E1465</key>
		<dict>
			<key>children</key>
			<array>
				<string>3E412F1B15ABEDE2007E1465</string>
				<string>3E412F1415ABEDE2007E1465</string>
				<string>3E412F1215ABEDE2007E1465</string>
				<string>206D157F8D00410C9D7BBAC9</string>
			</array>
			<key>isa</key>
			<string>PBXGroup</string>
			<key>sourceTree</key>
			<string>&lt;group&gt;</string>
		</dict>
		<key>3E412F0815ABEDE2007E1465</key>
		<dict>
			<key>attributes</key>
			<dict>
				<key>LastUpgradeCheck</key>
				<string>0430</string>
				<key>ORGANIZATIONNAME</key>
				<string>MIT</string>
			</dict>
			<key>buildConfigurationList</key>
			<string>3E412F0B15ABEDE2007E1465</string>
			<key>compatibilityVersion</key>
			<string>Xcode 3.2</string>
			<key>developmentRegion</key>
			<string>English</string>
			<key>hasScannedForEncodings</key>
			<string>0</string>
			<key>isa</key>
			<string>PBXProject</string>
			<key>knownRegions</key>
			<array>
				<string>en</string>
			</array>
			<key>mainGroup</key>
			<string>3E412F0615ABEDE2007E1465</string>
			<key>productRefGroup</key>
			<string>3E412F1215ABEDE2007E1465</string>
			<key>projectDirPath</key>
			<string></string>
			<key>projectRoot</key>
			<string></string>
			<key>targets</key>
			<array>
				<string>3E412F1015ABEDE2007E1465</string>
			</array>
		</dict>
		<key>3E412F0B15ABEDE2007E1465</key>
		<dict>
			<key>buildConfigurations</key>
			<array>
				<string>3E412F2715ABEDE2007E1465</string>
				<string>3E412F2815ABEDE2007E1465</string>
			</array>
			<key>defaultConfigurationIsVisible</key>
			<string>0</string>
			<key>defaultConfigurationName</key>
			<string>Release</string>
			<key>isa</key>
			<string>XCConfigurationList</string>
		</dict>
		<key>3E412F0D15ABEDE2007E1465</key>
		<dict>
			<key>buildActionMask</key>
			<string>2147483647</string>
			<key>files</key>
			<array>
				<string>3E412F2215ABEDE2007E1465</string>
				<string>3E412F2615ABEDE2007E1465</string>
			</array>
			<key>isa</key>
			<string>PBXSourcesBuildPhase</string>
			<key>runOnlyForDeploymentPostprocessing</key>
			<string>0</string>
		</dict>
		<key>3E412F0E15ABEDE2007E1465</key>
		<dict>
			<key>buildActionMask</key>
			<string>2147483647</string>
			<key>files</key>
			<array>
				<string>3E412F1615ABEDE2007E1465</string>
				<string>3E412F1815ABEDE2007E1465</string>
				<string>3E412F1A15ABEDE2007E1465</string>
				<string>65FDCF63A55D41419587729F</string>
			</array>
			<key>isa</key>
			<string>PBXFrameworksBuildPhase</string>
			<key>runOnlyForDeploymentPostprocessing</key>
			<string>0</string>
		</dict>
		<key>3E412F0F15ABEDE2007E1465</key>
		<dict>
			<key>buildActionMask</key>
			<string>2147483647</string>
			<key>files</key>
			<array>
				<string>3E412F2015ABEDE2007E1465</string>
			</array>
			<key>isa</key>
			<string>PBXResourcesBuildPhase</string>
			<key>runOnlyForDeploymentPostprocessing</key>
			<string>0</string>
		</dict>
		<key>3E412F1015ABEDE2007E1465</key>
		<dict>
			<key>buildConfigurationList</key>
			<string>3E412F2915ABEDE2007E1465</string>
			<key>buildPhases</key>
			<array>
				<string>3E412F0D15ABEDE2007E1465</string>
				<string>3E412F0E15ABEDE2007E1465</string>
				<string>3E412F0F15ABEDE2007E1465</string>
				<string>DD1149ADCD86441E8EB17043</string>
			</array>
			<key>buildRules</key>
			<array/>
			<key>dependencies</key>
			<array/>
			<key>isa</key>
			<string>PBXNativeTarget</string>
			<key>name</key>
			<string>nibswap</string>
			<key>productName</key>
			<string>nibswap</string>
			<key>productReference</key>
			<string>3E412F1115ABEDE2007E1465</string>
			<key>productType</key>
			<string>com.apple.product-type.application</string>
		</dict>
		<key>3E412F1115ABEDE2007E1465</key>
		<dict>
			<key>explicitFileType</key>
			<string>wrapper.application</string>
			<key>includeInIndex</key>
			<string>0</string>
			<key>isa</key>
			<string>PBXFileReference</string>
			<key>name</key>
			<string>nibswap.app</string>
			<key>path</key>
			<string>nibswap.app</string>
			<key>sourceTree</key>
			<string>BUILT_PRODUCTS_DIR</string>
		</dict>
		<key>3E412F1215ABEDE2007E1465</key>
		<dict>
			<key>children</key>
			<array>
				<string>3E412F1115ABEDE2007E1465</string>
			</array>
			<key>isa</key>
			<string>PBXGroup</string>
			<key>name</key>
			<string>Products</string>
			<key>sourceTree</key>
			<string>&lt;group&gt;</string>
		</dict>
		<key>3E412F1415ABEDE2007E1465</key>
		<dict>
			<key>children</key>
			<array>
				<string>3E412F1515ABEDE2007E1465</string>
				<string>3E412F1715ABEDE2007E1465</string>
				<string>3E412F1915ABEDE2007E1465</string>
				<string>23858D618BBF4AD0AC8049A0</string>
			</array>
			<key>isa</key>
			<string>PBXGroup</string>
			<key>name</key>
			<string>Frameworks</string>
			<key>sourceTree</key>
			<string>&lt;group&gt;</string>
		</dict>
		<key>3E412F1515ABEDE2007E1465</key>
		<dict>
			<key>includeInIndex</key>
			<string>1</string>
			<key>isa</key>
			<string>PBXFileReference</string>
			<key>lastKnownFileType</key>
			<string>wrapper.framework</string>
			<key>name</key>
			<string>UIKit.framework</string>
			<key>path</key>
			<string>System/Library/Frameworks/UIKit.framework</string>
			<key>sourceTree</key>
			<string>SDKROOT</string>
		</dict>
		<key>3E412F1615ABEDE2007E1465</key>
		<dict>
			<key>fileRef</key>
			<string>3E412F1515ABEDE2007E1465</string>
			<key>isa</key>
			<string>PBXBuildFile</string>
		</dict>
		<key>3E412F1715ABEDE2007E1465</key>
		<dict>
			<key>includeInIndex</key>
			<string>1</string>
			<key>isa</key>
			<string>PBXFileReference</string>
			<key>lastKnownFileType</key>
			<string>wrapper.framework</string>
			<key>name</key>
			<string>Foundation.framework</string>
			<key>path</key>
			<string>System/Library/Frameworks/Foundation.framework</string>
			<key>sourceTree</key>
			<string>SDKROOT</string>
		</dict>
		<key>3E412F1815ABEDE2007E1465</key>
		<dict>
			<key>fileRef</key>
			<string>3E412F1715ABEDE2007E1465</string>
			<key>isa</key>
			<string>PBXBuildFile</string>
		</dict>
		<key>3E412F1915ABEDE2007E1465</key>
		<dict>
			<key>includeInIndex</key>
			<string>1</string>
			<key>isa</key>
			<string>PBXFileReference</string>
			<key>lastKnownFileType</key>
			<string>wrapper.framework</string>
			<key>name</key>
			<string>CoreGraphics.framework</string>
			<key>path</key>
			<string>System/Library/Frameworks/CoreGraphics.framework</string>
			<key>sourceTree</key>
			<string>SDKROOT</string>
		</dict>
		<key>3E412F1A15ABEDE2007E1465</key>
		<dict>
			<key>fileRef</key>
			<string>3E412F1915ABEDE2007E1465</string>
			<key>isa</key>
			<string>PBXBuildFile</string>
		</dict>
		<key>3E412F1B15ABEDE2007E1465</key>
		<dict>
			<key>children</key>
			<array>
				<string>3E412F2415ABEDE2007E1465</string>
				<string>3E412F2515ABEDE2007E1465</string>
				<string>3E412F1C15ABEDE2007E1465</string>
			</array>
			<key>isa</key>
			<string>PBXGroup</string>
			<key>path</key>
			<string>nibswap</string>
			<key>sourceTree</key>
			<string>&lt;group&gt;</string>
		</dict>
		<key>3E412F1C15ABEDE2007E1465</key>
		<dict>
			<key>children</key>
			<array>
				<string>3E412F1D15ABEDE2007E1465</string>
				<string>3E412F1E15ABEDE2007E1465</string>
				<string>3E412F2115ABEDE2007E1465</string>
				<string>3E412F2315ABEDE2007E1465</string>
			</array>
			<key>isa</key>
			<string>PBXGroup</string>
			<key>name</key>
			<string>Supporting Files</string>
			<key>sourceTree</key>
			<string>&lt;group&gt;</string>
		</dict>
		<key>3E412F1D15ABEDE2007E1465</key>
		<dict>
			<key>isa</key>
			<string>PBXFileReference</string>
			<key>lastKnownFileType</key>
			<string>text.plist.xml</string>
			<key>path</key>
			<string>nibswap-Info.plist</string>
			<key>sourceTree</key>
			<string>&lt;group&gt;</string>
		</dict>
		<key>3E412F1E15ABEDE2007E1465</key>
		<dict>
			<key>children</key>
			<array>
				<string>3E412F1F15ABEDE2007E1465</string>
			</array>
			<key>isa</key>
			<string>PBXVariantGroup</string>
			<key>name</key>
			<string>InfoPlist.strings</string>
			<key>sourceTree</key>
			<string>&lt;group&gt;</string>
		</dict>
		<key>3E412F1F15ABEDE2007E1465</key>
		<dict>
			<key>isa</key>
			<string>PBXFileReference</string>
			<key>lastKnownFileType</key>
			<string>text.plist.strings</string>
			<key>name</key>
			<string>en</string>
			<key>path</key>
			<string>en.lproj/InfoPlist.strings</string>
			<key>sourceTree</key>
			<string>&lt;group&gt;</string>
		</dict>
		<key>3E412F2015ABEDE2007E1465</key>
		<dict>
			<key>fileRef</key>
			<string>3E412F1E15ABEDE2007E1465</string>
			<key>isa</key>
			<string>PBXBuildFile</string>
		</dict>
		<key>3E412F2115ABEDE2007E1465</key>
		<dict>
			<key>isa</key>
			<string>PBXFileReference</string>
			<key>lastKnownFileType</key>
			<string>sourcecode.c.objc</string>
			<key>path</key>
			<string>main.m</string>
			<key>sourceTree</key>
			<string>&lt;group&gt;</string>
		</dict>
		<key>3E412F2215ABEDE2007E1465</key>
		<dict>
			<key>fileRef</key>
			<string>3E412F2115ABEDE2007E1465</string>
			<key>isa</key>
			<string>PBXBuildFile</string>
		</dict>
		<key>3E412F2315ABEDE2007E1465</key>
		<dict>
			<key>isa</key>
			<string>PBXFileReference</string>
			<key>lastKnownFileType</key>
			<string>sourcecode.c.h</string>
			<key>path</key>
			<string>nibswap-Prefix.pch</string>
			<key>sourceTree</key>
			<string>&lt;group&gt;</string>
		</dict>
		<key>3E412F2415ABEDE2007E1465</key>
		<dict>
			<key>isa</key>
			<string>PBXFileReference</string>
			<key>lastKnownFileType</key>
			<string>sourcecode.c.h</string>
			<key>path</key>
			<string>AppDelegate.h</string>
			<key>sourceTree</key>
			<string>&lt;group&gt;</string>
		</dict>
		<key>3E412F2515ABEDE2007E1465</key>
		<dict>
			<key>isa</key>
			<string>PBXFileReference</string>
			<key>lastKnownFileType</key>
			<string>sourcecode.c.objc</string>
			<key>path</key>
			<string>AppDelegate.m</string>
			<key>sourceTree</key>
			<string>&lt;group&gt;</string>
		</dict>
		<key>3E412F2615ABEDE2007E1465</key>
		<dict>
			<key>fileRef</key>
			<string>3E412F2515ABEDE2007E1465</string>
			<key>isa</key>
			<string>PBXBuildFile</string>
		</dict>
		<key>3E412F2715ABEDE2007E1465</key>
		<dict>
			<key>buildSettings</key>
			<dict>
				<key>ALWAYS_SEARCH_USER_PATHS</key>
				<string>NO</string>
				<key>ARCHS</key>
				<string>$(ARCHS_STANDARD_32_BIT)</string>
				<key>CLANG_ENABLE_OBJC_ARC</key>
				<string>YES</string>
				<key>CODE_SIGN_IDENTITY[sdk=iphoneos*]</key>
				<string>iPhone Developer</string>
				<key>COPY_PHASE_STRIP</key>
				<string>NO</string>
				<key>GCC_C_LANGUAGE_STANDARD</key>
				<string>gnu99</string>
				<key>GCC_DYNAMIC_NO_PIC</key>
				<string>NO</string>
				<key>GCC_OPTIMIZATION_LEVEL</key>
				<string>0</string>
				<key>GCC_PREPROCESSOR_DEFINITIONS</key>
				<array>
					<string>DEBUG=1</string>
					<string>$(inherited)</string>
				</array>
				<key>GCC_SYMBOLS_PRIVATE_EXTERN</key>
				<string>NO</string>
				<key>GCC_VERSION</key>
				<string>com.apple.compilers.llvm.clang.1_0</string>
				<key>GCC_WARN_ABOUT_RETURN_TYPE</key>
				<string>YES</string>
				<key>GCC_WARN_UNINITIALIZED_AUTOS</key>
				<string>YES</string>
				<key>GCC_WARN_UNUSED_VARIABLE</key>
				<string>YES</string>
				<key>IPHONEOS_DEPLOYMENT_TARGET</key>
				<string>5.1</string>
				<key>SDKROOT</key>
				<string>iphoneos</string>
			</dict>
			<key>isa</key>
			<string>XCBuildConfiguration</string>
			<key>name</key>
			<string>Debug</string>
		</dict>
		<key>3E412F2815ABEDE2007E1465</key>
		<dict>
			<key>buildSettings</key>
			<dict>
				<key>ALWAYS_SEARCH_USER_PATHS</key>
				<string>NO</string>
				<key>ARCHS</key>
				<string>$(ARCHS_STANDARD_32_BIT)</string>
				<key>CLANG_ENABLE_OBJC_ARC</key>
				<string>YES</string>
				<key>CODE_SIGN_IDENTITY[sdk=iphoneos*]</key>
				<string>iPhone Developer</string>
				<key>COPY_PHASE_STRIP</key>
				<string>YES</string>
				<key>GCC_C_LANGUAGE_STANDARD</key>
				<string>gnu99</string>
				<key>GCC_VERSION</key>
				<string>com.apple.compilers.llvm.clang.1_0</string>
				<key>GCC_WARN_ABOUT_RETURN_TYPE</key>
				<string>YES</string>
				<key>GCC_WARN_UNINITIALIZED_AUTOS</key>
				<string>YES</string>
				<key>GCC_WARN_UNUSED_VARIABLE</key>
				<string>YES</string>
				<key>IPHONEOS_DEPLOYMENT_TARGET</key>
				<string>5.1</string>
				<key>OTHER_CFLAGS</key>
				<string>-DNS_BLOCK_ASSERTIONS=1</string>
				<key>SDKROOT</key>
				<string>iphoneos</string>
				<key>VALIDATE_PRODUCT</key>
				<string>YES</string>
			</dict>
			<key>isa</key>
			<string>XCBuildConfiguration</string>
			<key>name</key>
			<string>Release</string>
		</dict>
		<key>3E412F2915ABEDE2007E1465</key>
		<dict>
			<key>buildConfigurations</key>
			<array>
				<string>3E412F2A15ABEDE2007E1465</string>
				<string>3E412F2B15ABEDE2007E1465</string>
			</array>
			<key>defaultConfigurationIsVisible</key>
			<string>0</string>
			<key>isa</key>
			<string>XCConfigurationList</string>
		</dict>
		<key>3E412F2A15ABEDE2007E1465</key>
		<dict>
			<key>baseConfigurationReference</key>
			<string>206D157F8D00410C9D7BBAC9</string>
			<key>buildSettings</key>
			<dict>
				<key>GCC_PRECOMPILE_PREFIX_HEADER</key>
				<string>YES</string>
				<key>GCC_PREFIX_HEADER</key>
				<string>nibswap/nibswap-Prefix.pch</string>
				<key>INFOPLIST_FILE</key>
				<string>nibswap/nibswap-Info.plist</string>
				<key>PRODUCT_NAME</key>
				<string>$(TARGET_NAME)</string>
				<key>WRAPPER_EXTENSION</key>
				<string>app</string>
			</dict>
			<key>isa</key>
			<string>XCBuildConfiguration</string>
			<key>name</key>
			<string>Debug</string>
		</dict>
		<key>3E412F2B15ABEDE2007E1465</key>
		<dict>
			<key>baseConfigurationReference</key>
			<string>206D157F8D00410C9D7BBAC9</string>
			<key>buildSettings</key>
			<dict>
				<key>GCC_PRECOMPILE_PREFIX_HEADER</key>
				<string>YES</string>
				<key>GCC_PREFIX_HEADER</key>
				<string>nibswap/nibswap-Prefix.pch</string>
				<key>INFOPLIST_FILE</key>
				<string>nibswap/nibswap-Info.plist</string>
				<key>PRODUCT_NAME</key>
				<string>$(TARGET_NAME)</string>
				<key>WRAPPER_EXTENSION</key>
				<string>app</string>
			</dict>
			<key>isa</key>
			<string>XCBuildConfiguration</string>
			<key>name</key>
			<string>Release</string>
		</dict>
		<key>65FDCF63A55D41419587729F</key>
		<dict>
			<key>fileRef</key>
			<string>23858D618BBF4AD0AC8049A0</string>
			<key>isa</key>
			<string>PBXBuildFile</string>
		</dict>
		<key>DD1149ADCD86441E8EB17043</key>
		<dict>
			<key>buildActionMask</key>
			<string>2147483647</string>
			<key>files</key>
			<array/>
			<key>inputPaths</key>
			<array/>
			<key>isa</key>
			<string>PBXShellScriptBuildPhase</string>
			<key>name</key>
			<string>Copy Pods Resources</string>
			<key>outputPaths</key>
			<array/>
			<key>runOnlyForDeploymentPostprocessing</key>
			<string>0</string>
			<key>shellPath</key>
			<string>/bin/sh</string>
			<key>shellScript</key>
			<string>"${SRCROOT}/Pods/Pods-resources.sh"
</string>
		</dict>
	</dict>
	<key>rootObject</key>
	<string>3E412F0815ABEDE2007E1465</string>
</dict>
</plist>
